
Microsoft Visual Studio Solution File, Format Version 12.00
# Visual Studio Version 17
VisualStudioVersion = 17.13.35931.197
MinimumVisualStudioVersion = 10.0.40219.1
Project("{FAE04EC0-301F-11D3-BF4B-00C04F79EFBC}") = "API.Web", "API.Web\API.Web.csproj", "{5B72CF33-6CE4-4244-D2A8-09272DC2FF2F}"
EndProject
Project("{FAE04EC0-301F-11D3-BF4B-00C04F79EFBC}") = "API", "API\API.csproj", "{CBFA08EA-AECE-205F-7B85-326FD0B81BAD}"
EndProject
Project("{FAE04EC0-301F-11D3-BF4B-00C04F79EFBC}") = "DAL", "DAL\DAL.csproj", "{12357D34-2A02-1ECD-BC6C-D84ADDC1A72E}"
EndProject
Project("{2150E333-8FDC-42A3-9474-1A3956D46DE8}") = "Solution Items", "Solution Items", "{5D68D5F2-0FE6-4FF6-810A-64634FFB4037}"
	ProjectSection(SolutionItems) = preProject
		compose.yaml = compose.yaml
	EndProjectSection
EndProject
Global
	GlobalSection(SolutionConfigurationPlatforms) = preSolution
		Debug|Any CPU = Debug|Any CPU
		Release|Any CPU = Release|Any CPU
	EndGlobalSection
	GlobalSection(ProjectConfigurationPlatforms) = postSolution
		{5B72CF33-6CE4-4244-D2A8-09272DC2FF2F}.Debug|Any CPU.ActiveCfg = Debug|Any CPU
		{5B72CF33-6CE4-4244-D2A8-09272DC2FF2F}.Debug|Any CPU.Build.0 = Debug|Any CPU
		{5B72CF33-6CE4-4244-D2A8-09272DC2FF2F}.Release|Any CPU.ActiveCfg = Release|Any CPU
		{5B72CF33-6CE4-4244-D2A8-09272DC2FF2F}.Release|Any CPU.Build.0 = Release|Any CPU
		{CBFA08EA-AECE-205F-7B85-326FD0B81BAD}.Debug|Any CPU.ActiveCfg = Debug|Any CPU
		{CBFA08EA-AECE-205F-7B85-326FD0B81BAD}.Debug|Any CPU.Build.0 = Debug|Any CPU
		{CBFA08EA-AECE-205F-7B85-326FD0B81BAD}.Release|Any CPU.ActiveCfg = Release|Any CPU
		{CBFA08EA-AECE-205F-7B85-326FD0B81BAD}.Release|Any CPU.Build.0 = Release|Any CPU
		{12357D34-2A02-1ECD-BC6C-D84ADDC1A72E}.Debug|Any CPU.ActiveCfg = Debug|Any CPU
		{12357D34-2A02-1ECD-BC6C-D84ADDC1A72E}.Debug|Any CPU.Build.0 = Debug|Any CPU
		{12357D34-2A02-1ECD-BC6C-D84ADDC1A72E}.Release|Any CPU.ActiveCfg = Release|Any CPU
		{12357D34-2A02-1ECD-BC6C-D84ADDC1A72E}.Release|Any CPU.Build.0 = Release|Any CPU
	EndGlobalSection
	GlobalSection(SolutionProperties) = preSolution
		HideSolutionNode = FALSE
	EndGlobalSection
	GlobalSection(ExtensibilityGlobals) = postSolution
		SolutionGuid = {5F42FAD3-58A5-4928-A523-F73B64ADDEC9}
	EndGlobalSection
EndGlobal
